
Microsoft Visual Studio Solution File, Format Version 12.00
# Visual Studio Version 17
VisualStudioVersion = 17.4.33205.214
MinimumVisualStudioVersion = 10.0.40219.1
Project("{FAE04EC0-301F-11D3-BF4B-00C04F79EFBC}") = "FileValidator", "FileValidator\FileValidator.csproj", "{1FF2F5F5-5BA7-485D-8928-B1D94451F922}"
EndProject
Global
	GlobalSection(SolutionConfigurationPlatforms) = preSolution
		Debug|Any CPU = Debug|Any CPU
		Release|Any CPU = Release|Any CPU
	EndGlobalSection
	GlobalSection(ProjectConfigurationPlatforms) = postSolution
		{1FF2F5F5-5BA7-485D-8928-B1D94451F922}.Debug|Any CPU.ActiveCfg = Debug|Any CPU
		{1FF2F5F5-5BA7-485D-8928-B1D94451F922}.Debug|Any CPU.Build.0 = Debug|Any CPU
		{1FF2F5F5-5BA7-485D-8928-B1D94451F922}.Release|Any CPU.ActiveCfg = Release|Any CPU
		{1FF2F5F5-5BA7-485D-8928-B1D94451F922}.Release|Any CPU.Build.0 = Release|Any CPU
	EndGlobalSection
	GlobalSection(SolutionProperties) = preSolution
		HideSolutionNode = FALSE
	EndGlobalSection
	GlobalSection(ExtensibilityGlobals) = postSolution
		SolutionGuid = {EB87B01E-6194-4ED7-BE62-D8E7E8E50052}
	EndGlobalSection
EndGlobal
